Microsoft Visual Studio Solution File, Format Version 11.00
# Visual Studio 2008

Project("{CDFE3483-96F5-DC99-3948-624443654716}") = "BumperGit", "Assembly-CSharp.csproj", "{431C5F6B-2B80-BFD3-6DFA-750B654D4A6B}"
EndProject
Project("{CDFE3483-96F5-DC99-3948-624443654716}") = "BumperGit", "Assembly-CSharp-Editor.csproj", "{CF7D8917-DA5D-9774-0E94-4AC1D2D95327}"
EndProject
Project("{CDFE3483-96F5-DC99-3948-624443654716}") = "BumperGit", "Assembly-UnityScript.unityproj", "{F772036A-F76B-6BB2-6685-22A6D7C8DC60}"
EndProject
Project("{CDFE3483-96F5-DC99-3948-624443654716}") = "BumperGit", "Assembly-UnityScript-Editor.unityproj", "{09AA7985-CA47-24F5-99B4-543E7957E1F3}"
EndProject
Global
	GlobalSection(SolutionConfigurationPlatforms) = preSolution
		Debug|Any CPU = Debug|Any CPU
		Release|Any CPU = Release|Any CPU
	EndGlobalSection
	GlobalSection(ProjectConfigurationPlatforms) = postSolution
		{431C5F6B-2B80-BFD3-6DFA-750B654D4A6B}.Debug|Any CPU.ActiveCfg = Debug|Any CPU
		{431C5F6B-2B80-BFD3-6DFA-750B654D4A6B}.Debug|Any CPU.Build.0 = Debug|Any CPU
		{431C5F6B-2B80-BFD3-6DFA-750B654D4A6B}.Release|Any CPU.ActiveCfg = Release|Any CPU
		{431C5F6B-2B80-BFD3-6DFA-750B654D4A6B}.Release|Any CPU.Build.0 = Release|Any CPU
		{CF7D8917-DA5D-9774-0E94-4AC1D2D95327}.Debug|Any CPU.ActiveCfg = Debug|Any CPU
		{CF7D8917-DA5D-9774-0E94-4AC1D2D95327}.Debug|Any CPU.Build.0 = Debug|Any CPU
		{CF7D8917-DA5D-9774-0E94-4AC1D2D95327}.Release|Any CPU.ActiveCfg = Release|Any CPU
		{CF7D8917-DA5D-9774-0E94-4AC1D2D95327}.Release|Any CPU.Build.0 = Release|Any CPU
		{F772036A-F76B-6BB2-6685-22A6D7C8DC60}.Debug|Any CPU.ActiveCfg = Debug|Any CPU
		{F772036A-F76B-6BB2-6685-22A6D7C8DC60}.Debug|Any CPU.Build.0 = Debug|Any CPU
		{F772036A-F76B-6BB2-6685-22A6D7C8DC60}.Release|Any CPU.ActiveCfg = Release|Any CPU
		{F772036A-F76B-6BB2-6685-22A6D7C8DC60}.Release|Any CPU.Build.0 = Release|Any CPU
		{09AA7985-CA47-24F5-99B4-543E7957E1F3}.Debug|Any CPU.ActiveCfg = Debug|Any CPU
		{09AA7985-CA47-24F5-99B4-543E7957E1F3}.Debug|Any CPU.Build.0 = Debug|Any CPU
		{09AA7985-CA47-24F5-99B4-543E7957E1F3}.Release|Any CPU.ActiveCfg = Release|Any CPU
		{09AA7985-CA47-24F5-99B4-543E7957E1F3}.Release|Any CPU.Build.0 = Release|Any CPU
	EndGlobalSection
	GlobalSection(SolutionProperties) = preSolution
		HideSolutionNode = FALSE
	EndGlobalSection
																																																																																																																																																																																																																																																																																																																														GlobalSection(MonoDevelopProperties) = preSolution
		StartupItem = Assembly-CSharp.csproj
		Policies = $0
		$0.TextStylePolicy = $1
		$1.EolMarker = Unix
		$1.inheritsSet = VisualStudio
		$1.inheritsScope = text/plain
		$1.scope = text/x-csharp
		$0.CSharpFormattingPolicy = $2
		$2.IndentSwitchBody = True
		$2.AnonymousMethodBraceStyle = NextLine
		$2.PropertyBraceStyle = NextLine
		$2.PropertyGetBraceStyle = NextLine
		$2.PropertySetBraceStyle = NextLine
		$2.EventBraceStyle = NextLine
		$2.EventAddBraceStyle = NextLine
		$2.EventRemoveBraceStyle = NextLine
		$2.StatementBraceStyle = NextLine
		$2.ArrayInitializerBraceStyle = NextLine
		$2.BeforeMethodDeclarationParentheses = False
		$2.BeforeMethodCallParentheses = False
		$2.BeforeConstructorDeclarationParentheses = False
		$2.BeforeDelegateDeclarationParentheses = False
		$2.NewParentheses = False
		$2.inheritsSet = Mono
		$2.inheritsScope = text/x-csharp
		$2.scope = text/x-csharp
		$0.TextStylePolicy = $3
		$3.FileWidth = 120
		$3.TabWidth = 4
		$3.EolMarker = Unix
		$3.inheritsSet = Mono
		$3.inheritsScope = text/plain
		$3.scope = text/plain
		$0.VersionControlPolicy = $4
		$4.inheritsSet = Mono
	EndGlobalSection

EndGlobal
