Microsoft Visual Studio Solution File, Format Version 11.00
# Visual Studio 2008

Project("{3894D8D6-1104-333D-954C-83EF63AB1A20}") = "potential-octo-adventure", "Assembly-CSharp.csproj", "{B81FBF2E-EF6B-1BAC-7089-7CFB7BBCDD84}"
EndProject
Project("{3894D8D6-1104-333D-954C-83EF63AB1A20}") = "potential-octo-adventure", "Assembly-CSharp-Editor.csproj", "{7EDB4A24-D772-BB23-9DA5-346E7872F154}"
EndProject
Project("{3894D8D6-1104-333D-954C-83EF63AB1A20}") = "potential-octo-adventure", "Assembly-UnityScript.unityproj", "{C223EE09-7796-6071-A866-948DAE08AECA}"
EndProject
Project("{3894D8D6-1104-333D-954C-83EF63AB1A20}") = "potential-octo-adventure", "Assembly-UnityScript-Editor.unityproj", "{B82F504A-6673-8081-D09D-8EF76FB8CCBF}"
EndProject
Global
	GlobalSection(SolutionConfigurationPlatforms) = preSolution
		Debug|Any CPU = Debug|Any CPU
		Release|Any CPU = Release|Any CPU
	EndGlobalSection
	GlobalSection(ProjectConfigurationPlatforms) = postSolution
		{B81FBF2E-EF6B-1BAC-7089-7CFB7BBCDD84}.Debug|Any CPU.ActiveCfg = Debug|Any CPU
		{B81FBF2E-EF6B-1BAC-7089-7CFB7BBCDD84}.Debug|Any CPU.Build.0 = Debug|Any CPU
		{B81FBF2E-EF6B-1BAC-7089-7CFB7BBCDD84}.Release|Any CPU.ActiveCfg = Release|Any CPU
		{B81FBF2E-EF6B-1BAC-7089-7CFB7BBCDD84}.Release|Any CPU.Build.0 = Release|Any CPU
		{7EDB4A24-D772-BB23-9DA5-346E7872F154}.Debug|Any CPU.ActiveCfg = Debug|Any CPU
		{7EDB4A24-D772-BB23-9DA5-346E7872F154}.Debug|Any CPU.Build.0 = Debug|Any CPU
		{7EDB4A24-D772-BB23-9DA5-346E7872F154}.Release|Any CPU.ActiveCfg = Release|Any CPU
		{7EDB4A24-D772-BB23-9DA5-346E7872F154}.Release|Any CPU.Build.0 = Release|Any CPU
		{C223EE09-7796-6071-A866-948DAE08AECA}.Debug|Any CPU.ActiveCfg = Debug|Any CPU
		{C223EE09-7796-6071-A866-948DAE08AECA}.Debug|Any CPU.Build.0 = Debug|Any CPU
		{C223EE09-7796-6071-A866-948DAE08AECA}.Release|Any CPU.ActiveCfg = Release|Any CPU
		{C223EE09-7796-6071-A866-948DAE08AECA}.Release|Any CPU.Build.0 = Release|Any CPU
		{B82F504A-6673-8081-D09D-8EF76FB8CCBF}.Debug|Any CPU.ActiveCfg = Debug|Any CPU
		{B82F504A-6673-8081-D09D-8EF76FB8CCBF}.Debug|Any CPU.Build.0 = Debug|Any CPU
		{B82F504A-6673-8081-D09D-8EF76FB8CCBF}.Release|Any CPU.ActiveCfg = Release|Any CPU
		{B82F504A-6673-8081-D09D-8EF76FB8CCBF}.Release|Any CPU.Build.0 = Release|Any CPU
	EndGlobalSection
	GlobalSection(SolutionProperties) = preSolution
		HideSolutionNode = FALSE
	EndGlobalSection
			GlobalSection(MonoDevelopProperties) = preSolution
		StartupItem = Assembly-CSharp.csproj
		Policies = $0
		$0.TextStylePolicy = $1
		$1.inheritsSet = VisualStudio
		$1.inheritsScope = text/plain
		$1.scope = text/x-csharp
		$0.CSharpFormattingPolicy = $2
		$2.IndentSwitchBody = True
		$2.AnonymousMethodBraceStyle = NextLine
		$2.PropertyBraceStyle = NextLine
		$2.PropertyGetBraceStyle = NextLine
		$2.PropertySetBraceStyle = NextLine
		$2.EventBraceStyle = NextLine
		$2.EventAddBraceStyle = NextLine
		$2.EventRemoveBraceStyle = NextLine
		$2.StatementBraceStyle = NextLine
		$2.ArrayInitializerBraceStyle = NextLine
		$2.BeforeMethodDeclarationParentheses = False
		$2.BeforeMethodCallParentheses = False
		$2.BeforeConstructorDeclarationParentheses = False
		$2.BeforeDelegateDeclarationParentheses = False
		$2.NewParentheses = False
		$2.inheritsSet = Mono
		$2.inheritsScope = text/x-csharp
		$2.scope = text/x-csharp
		$0.TextStylePolicy = $3
		$3.FileWidth = 120
		$3.TabWidth = 4
		$3.EolMarker = Unix
		$3.inheritsSet = Mono
		$3.inheritsScope = text/plain
		$3.scope = text/plain
		$0.DotNetNamingPolicy = $4
		$4.DirectoryNamespaceAssociation = None
		$4.ResourceNamePolicy = FileFormatDefault
	EndGlobalSection

EndGlobal
