Microsoft Visual Studio Solution File, Format Version 11.00
# Visual Studio 2008

Project("{2F3E79BD-0604-9C0C-CA38-646B87CCA269}") = "Ramball", "Assembly-CSharp.csproj", "{023AD588-7D74-8BA1-98FE-5C4B4ABCC3E9}"
EndProject
Project("{2F3E79BD-0604-9C0C-CA38-646B87CCA269}") = "Ramball", "Assembly-CSharp-Editor.csproj", "{51BEE975-2331-9838-E4A1-9439FDAC64EB}"
EndProject
Project("{2F3E79BD-0604-9C0C-CA38-646B87CCA269}") = "Ramball", "Assembly-UnityScript.unityproj", "{C666BAA5-8F71-0F6C-6E26-DDE9B92CC96B}"
EndProject
Project("{2F3E79BD-0604-9C0C-CA38-646B87CCA269}") = "Ramball", "Assembly-UnityScript-Editor.unityproj", "{04AD03DA-B6DB-AE16-2D28-C13C2672D831}"
EndProject
Global
	GlobalSection(SolutionConfigurationPlatforms) = preSolution
		Debug|Any CPU = Debug|Any CPU
		Release|Any CPU = Release|Any CPU
	EndGlobalSection
	GlobalSection(ProjectConfigurationPlatforms) = postSolution
		{023AD588-7D74-8BA1-98FE-5C4B4ABCC3E9}.Debug|Any CPU.ActiveCfg = Debug|Any CPU
		{023AD588-7D74-8BA1-98FE-5C4B4ABCC3E9}.Debug|Any CPU.Build.0 = Debug|Any CPU
		{023AD588-7D74-8BA1-98FE-5C4B4ABCC3E9}.Release|Any CPU.ActiveCfg = Release|Any CPU
		{023AD588-7D74-8BA1-98FE-5C4B4ABCC3E9}.Release|Any CPU.Build.0 = Release|Any CPU
		{51BEE975-2331-9838-E4A1-9439FDAC64EB}.Debug|Any CPU.ActiveCfg = Debug|Any CPU
		{51BEE975-2331-9838-E4A1-9439FDAC64EB}.Debug|Any CPU.Build.0 = Debug|Any CPU
		{51BEE975-2331-9838-E4A1-9439FDAC64EB}.Release|Any CPU.ActiveCfg = Release|Any CPU
		{51BEE975-2331-9838-E4A1-9439FDAC64EB}.Release|Any CPU.Build.0 = Release|Any CPU
		{C666BAA5-8F71-0F6C-6E26-DDE9B92CC96B}.Debug|Any CPU.ActiveCfg = Debug|Any CPU
		{C666BAA5-8F71-0F6C-6E26-DDE9B92CC96B}.Debug|Any CPU.Build.0 = Debug|Any CPU
		{C666BAA5-8F71-0F6C-6E26-DDE9B92CC96B}.Release|Any CPU.ActiveCfg = Release|Any CPU
		{C666BAA5-8F71-0F6C-6E26-DDE9B92CC96B}.Release|Any CPU.Build.0 = Release|Any CPU
		{04AD03DA-B6DB-AE16-2D28-C13C2672D831}.Debug|Any CPU.ActiveCfg = Debug|Any CPU
		{04AD03DA-B6DB-AE16-2D28-C13C2672D831}.Debug|Any CPU.Build.0 = Debug|Any CPU
		{04AD03DA-B6DB-AE16-2D28-C13C2672D831}.Release|Any CPU.ActiveCfg = Release|Any CPU
		{04AD03DA-B6DB-AE16-2D28-C13C2672D831}.Release|Any CPU.Build.0 = Release|Any CPU
	EndGlobalSection
	GlobalSection(SolutionProperties) = preSolution
		HideSolutionNode = FALSE
	EndGlobalSection
																																																																									GlobalSection(MonoDevelopProperties) = preSolution
		StartupItem = Assembly-CSharp.csproj
		Policies = $0
		$0.TextStylePolicy = $1
		$1.inheritsSet = VisualStudio
		$1.inheritsScope = text/plain
		$1.scope = text/x-csharp
		$0.CSharpFormattingPolicy = $2
		$2.IndentSwitchBody = True
		$2.AnonymousMethodBraceStyle = NextLine
		$2.PropertyBraceStyle = NextLine
		$2.PropertyGetBraceStyle = NextLine
		$2.PropertySetBraceStyle = NextLine
		$2.EventBraceStyle = NextLine
		$2.EventAddBraceStyle = NextLine
		$2.EventRemoveBraceStyle = NextLine
		$2.StatementBraceStyle = NextLine
		$2.ArrayInitializerBraceStyle = NextLine
		$2.BeforeMethodDeclarationParentheses = False
		$2.BeforeMethodCallParentheses = False
		$2.BeforeConstructorDeclarationParentheses = False
		$2.BeforeDelegateDeclarationParentheses = False
		$2.NewParentheses = False
		$2.inheritsSet = Mono
		$2.inheritsScope = text/x-csharp
		$2.scope = text/x-csharp
		$0.TextStylePolicy = $3
		$3.FileWidth = 120
		$3.TabWidth = 4
		$3.EolMarker = Unix
		$3.inheritsSet = Mono
		$3.inheritsScope = text/plain
		$3.scope = text/plain
	EndGlobalSection

EndGlobal
